// !$*UTF8*$!
{
	archiveVersion = 1;
	classes = {
	};
	objectVersion = 56;
	objects = {

/* Begin PBXBuildFile section */
		C3CBD81D2A8A08A40020A3DE /* Reels.storyboard in Resources */ = {isa = PBXBuildFile; fileRef = C3CBD81C2A8A08A40020A3DE /* Reels.storyboard */; };
		C3CBD81F2A8A08AF0020A3DE /* ReelsViewController.swift in Sources */ = {isa = PBXBuildFile; fileRef = C3CBD81E2A8A08AF0020A3DE /* ReelsViewController.swift */; };
		C3CBD8222A8A09E60020A3DE /* SearchViewController.swift in Sources */ = {isa = PBXBuildFile; fileRef = C3CBD8212A8A09E60020A3DE /* SearchViewController.swift */; };
		C3CBD8242A8A09F00020A3DE /* Search.storyboard in Resources */ = {isa = PBXBuildFile; fileRef = C3CBD8232A8A09F00020A3DE /* Search.storyboard */; };
		C3CBD8262A8A0E830020A3DE /* TabBarController.swift in Sources */ = {isa = PBXBuildFile; fileRef = C3CBD8252A8A0E830020A3DE /* TabBarController.swift */; };
		C3CCB3082A89C6A20026EEA8 /* AppDelegate.swift in Sources */ = {isa = PBXBuildFile; fileRef = C3CCB3072A89C6A20026EEA8 /* AppDelegate.swift */; };
		C3CCB30A2A89C6A20026EEA8 /* SceneDelegate.swift in Sources */ = {isa = PBXBuildFile; fileRef = C3CCB3092A89C6A20026EEA8 /* SceneDelegate.swift */; };
		C3CCB30C2A89C6A20026EEA8 /* FeedViewController.swift in Sources */ = {isa = PBXBuildFile; fileRef = C3CCB30B2A89C6A20026EEA8 /* FeedViewController.swift */; };
		C3CCB30F2A89C6A20026EEA8 /* Main.storyboard in Resources */ = {isa = PBXBuildFile; fileRef = C3CCB30D2A89C6A20026EEA8 /* Main.storyboard */; };
		C3CCB3122A89C6A20026EEA8 /* snsProject.xcdatamodeld in Sources */ = {isa = PBXBuildFile; fileRef = C3CCB3102A89C6A20026EEA8 /* snsProject.xcdatamodeld */; };
		C3CCB3142A89C6A30026EEA8 /* Assets.xcassets in Resources */ = {isa = PBXBuildFile; fileRef = C3CCB3132A89C6A30026EEA8 /* Assets.xcassets */; };
		C3CCB3172A89C6A30026EEA8 /* LaunchScreen.storyboard in Resources */ = {isa = PBXBuildFile; fileRef = C3CCB3152A89C6A30026EEA8 /* LaunchScreen.storyboard */; };
		C3CCB32A2A89FBA80026EEA8 /* CreatePage.storyboard in Resources */ = {isa = PBXBuildFile; fileRef = C3CCB3292A89FBA80026EEA8 /* CreatePage.storyboard */; };
		C3CCB32C2A89FE640026EEA8 /* MyPageViewController.swift in Sources */ = {isa = PBXBuildFile; fileRef = C3CCB32B2A89FE640026EEA8 /* MyPageViewController.swift */; };
		C3CCB32E2A89FE6E0026EEA8 /* CreatePageViewController.swift in Sources */ = {isa = PBXBuildFile; fileRef = C3CCB32D2A89FE6E0026EEA8 /* CreatePageViewController.swift */; };
		C3CCB3302A8A02980026EEA8 /* MyPage.storyboard in Resources */ = {isa = PBXBuildFile; fileRef = C3CCB32F2A8A02980026EEA8 /* MyPage.storyboard */; };
		C3CCB3322A8A02A10026EEA8 /* Feed.storyboard in Resources */ = {isa = PBXBuildFile; fileRef = C3CCB3312A8A02A10026EEA8 /* Feed.storyboard */; };
		FB718FE12A8BA5EC00B851D3 /* MyPageCollectionViewCell.xib in Resources */ = {isa = PBXBuildFile; fileRef = FB718FDF2A8BA5EC00B851D3 /* MyPageCollectionViewCell.xib */; };
		FB718FE22A8BA5EC00B851D3 /* MyPageCollectionViewCell.swift in Sources */ = {isa = PBXBuildFile; fileRef = FB718FE02A8BA5EC00B851D3 /* MyPageCollectionViewCell.swift */; };
/* End PBXBuildFile section */

/* Begin PBXFileReference section */
		C3CBD81C2A8A08A40020A3DE /* Reels.storyboard */ = {isa = PBXFileReference; lastKnownFileType = file.storyboard; path = Reels.storyboard; sourceTree = "<group>"; };
		C3CBD81E2A8A08AF0020A3DE /* ReelsViewController.swift */ = {isa = PBXFileReference; lastKnownFileType = sourcecode.swift; path = ReelsViewController.swift; sourceTree = "<group>"; };
		C3CBD8212A8A09E60020A3DE /* SearchViewController.swift */ = {isa = PBXFileReference; lastKnownFileType = sourcecode.swift; path = SearchViewController.swift; sourceTree = "<group>"; };
		C3CBD8232A8A09F00020A3DE /* Search.storyboard */ = {isa = PBXFileReference; lastKnownFileType = file.storyboard; path = Search.storyboard; sourceTree = "<group>"; };
		C3CBD8252A8A0E830020A3DE /* TabBarController.swift */ = {isa = PBXFileReference; lastKnownFileType = sourcecode.swift; path = TabBarController.swift; sourceTree = "<group>"; };
		C3CCB3042A89C6A20026EEA8 /* snsProject.app */ = {isa = PBXFileReference; explicitFileType = wrapper.application; includeInIndex = 0; path = snsProject.app; sourceTree = BUILT_PRODUCTS_DIR; };
		C3CCB3072A89C6A20026EEA8 /* AppDelegate.swift */ = {isa = PBXFileReference; lastKnownFileType = sourcecode.swift; path = AppDelegate.swift; sourceTree = "<group>"; };
		C3CCB3092A89C6A20026EEA8 /* SceneDelegate.swift */ = {isa = PBXFileReference; lastKnownFileType = sourcecode.swift; path = SceneDelegate.swift; sourceTree = "<group>"; };
		C3CCB30B2A89C6A20026EEA8 /* FeedViewController.swift */ = {isa = PBXFileReference; lastKnownFileType = sourcecode.swift; path = FeedViewController.swift; sourceTree = "<group>"; };
		C3CCB30E2A89C6A20026EEA8 /* Base */ = {isa = PBXFileReference; lastKnownFileType = file.storyboard; name = Base; path = Base.lproj/Main.storyboard; sourceTree = "<group>"; };
		C3CCB3112A89C6A20026EEA8 /* snsProject.xcdatamodel */ = {isa = PBXFileReference; lastKnownFileType = wrapper.xcdatamodel; path = snsProject.xcdatamodel; sourceTree = "<group>"; };
		C3CCB3132A89C6A30026EEA8 /* Assets.xcassets */ = {isa = PBXFileReference; lastKnownFileType = folder.assetcatalog; path = Assets.xcassets; sourceTree = "<group>"; };
		C3CCB3162A89C6A30026EEA8 /* Base */ = {isa = PBXFileReference; lastKnownFileType = file.storyboard; name = Base; path = Base.lproj/LaunchScreen.storyboard; sourceTree = "<group>"; };
		C3CCB3182A89C6A30026EEA8 /* Info.plist */ = {isa = PBXFileReference; lastKnownFileType = text.plist.xml; path = Info.plist; sourceTree = "<group>"; };
		C3CCB3292A89FBA80026EEA8 /* CreatePage.storyboard */ = {isa = PBXFileReference; lastKnownFileType = file.storyboard; path = CreatePage.storyboard; sourceTree = "<group>"; };
		C3CCB32B2A89FE640026EEA8 /* MyPageViewController.swift */ = {isa = PBXFileReference; lastKnownFileType = sourcecode.swift; path = MyPageViewController.swift; sourceTree = "<group>"; };
		C3CCB32D2A89FE6E0026EEA8 /* CreatePageViewController.swift */ = {isa = PBXFileReference; lastKnownFileType = sourcecode.swift; path = CreatePageViewController.swift; sourceTree = "<group>"; };
		C3CCB32F2A8A02980026EEA8 /* MyPage.storyboard */ = {isa = PBXFileReference; lastKnownFileType = file.storyboard; path = MyPage.storyboard; sourceTree = "<group>"; };
		C3CCB3312A8A02A10026EEA8 /* Feed.storyboard */ = {isa = PBXFileReference; lastKnownFileType = file.storyboard; path = Feed.storyboard; sourceTree = "<group>"; };
		FB718FDF2A8BA5EC00B851D3 /* MyPageCollectionViewCell.xib */ = {isa = PBXFileReference; fileEncoding = 4; lastKnownFileType = file.xib; path = MyPageCollectionViewCell.xib; sourceTree = "<group>"; };
		FB718FE02A8BA5EC00B851D3 /* MyPageCollectionViewCell.swift */ = {isa = PBXFileReference; fileEncoding = 4; lastKnownFileType = sourcecode.swift; path = MyPageCollectionViewCell.swift; sourceTree = "<group>"; };
/* End PBXFileReference section */

/* Begin PBXFrameworksBuildPhase section */
		C3CCB3012A89C6A20026EEA8 /* Frameworks */ = {
			isa = PBXFrameworksBuildPhase;
			buildActionMask = 2147483647;
			files = (
			);
			runOnlyForDeploymentPostprocessing = 0;
		};
/* End PBXFrameworksBuildPhase section */

/* Begin PBXGroup section */
		C3CBD81B2A8A08930020A3DE /* Reels */ = {
			isa = PBXGroup;
			children = (
				C3CBD81C2A8A08A40020A3DE /* Reels.storyboard */,
				C3CBD81E2A8A08AF0020A3DE /* ReelsViewController.swift */,
			);
			path = Reels;
			sourceTree = "<group>";
		};
		C3CBD8202A8A09D90020A3DE /* Search */ = {
			isa = PBXGroup;
			children = (
				C3CBD8212A8A09E60020A3DE /* SearchViewController.swift */,
				C3CBD8232A8A09F00020A3DE /* Search.storyboard */,
			);
			path = Search;
			sourceTree = "<group>";
		};
		C3CCB2FB2A89C6A20026EEA8 = {
			isa = PBXGroup;
			children = (
				C3CCB3062A89C6A20026EEA8 /* snsProject */,
				C3CCB3052A89C6A20026EEA8 /* Products */,
			);
			sourceTree = "<group>";
		};
		C3CCB3052A89C6A20026EEA8 /* Products */ = {
			isa = PBXGroup;
			children = (
				C3CCB3042A89C6A20026EEA8 /* snsProject.app */,
			);
			name = Products;
			sourceTree = "<group>";
		};
		C3CCB3062A89C6A20026EEA8 /* snsProject */ = {
			isa = PBXGroup;
			children = (
				C3CBD8202A8A09D90020A3DE /* Search */,
				C3CBD81B2A8A08930020A3DE /* Reels */,
				C3CCB3262A89DCC30026EEA8 /* CreatePage */,
				C3CCB3242A89DC6B0026EEA8 /* MyPage */,
				C3CCB3222A89DC290026EEA8 /* Feed */,
				C3CCB3072A89C6A20026EEA8 /* AppDelegate.swift */,
				C3CCB3092A89C6A20026EEA8 /* SceneDelegate.swift */,
				C3CBD8252A8A0E830020A3DE /* TabBarController.swift */,
				C3CCB30D2A89C6A20026EEA8 /* Main.storyboard */,
				C3CCB3132A89C6A30026EEA8 /* Assets.xcassets */,
				C3CCB3152A89C6A30026EEA8 /* LaunchScreen.storyboard */,
				C3CCB3182A89C6A30026EEA8 /* Info.plist */,
				C3CCB3102A89C6A20026EEA8 /* snsProject.xcdatamodeld */,
			);
			path = snsProject;
			sourceTree = "<group>";
		};
		C3CCB3222A89DC290026EEA8 /* Feed */ = {
			isa = PBXGroup;
			children = (
				C3CCB30B2A89C6A20026EEA8 /* FeedViewController.swift */,
				C3CCB3312A8A02A10026EEA8 /* Feed.storyboard */,
			);
			path = Feed;
			sourceTree = "<group>";
		};
		C3CCB3242A89DC6B0026EEA8 /* MyPage */ = {
			isa = PBXGroup;
			children = (
				FB55D8872A8A9AD3000AE663 /* PostCell */,
				FB55D8822A8A29C2000AE663 /* MyPageCell */,
				C3CCB32B2A89FE640026EEA8 /* MyPageViewController.swift */,
				C3CCB32F2A8A02980026EEA8 /* MyPage.storyboard */,
			);
			path = MyPage;
			sourceTree = "<group>";
		};
		C3CCB3262A89DCC30026EEA8 /* CreatePage */ = {
			isa = PBXGroup;
			children = (
				C3CCB3292A89FBA80026EEA8 /* CreatePage.storyboard */,
				C3CCB32D2A89FE6E0026EEA8 /* CreatePageViewController.swift */,
			);
			path = CreatePage;
			sourceTree = "<group>";
		};
		FB55D8822A8A29C2000AE663 /* MyPageCell */ = {
			isa = PBXGroup;
			children = (
				FB718FE02A8BA5EC00B851D3 /* MyPageCollectionViewCell.swift */,
				FB718FDF2A8BA5EC00B851D3 /* MyPageCollectionViewCell.xib */,
			);
			path = MyPageCell;
			sourceTree = "<group>";
		};
		FB55D8872A8A9AD3000AE663 /* PostCell */ = {
			isa = PBXGroup;
			children = (
			);
			path = PostCell;
			sourceTree = "<group>";
		};
/* End PBXGroup section */

/* Begin PBXNativeTarget section */
		C3CCB3032A89C6A20026EEA8 /* snsProject */ = {
			isa = PBXNativeTarget;
			buildConfigurationList = C3CCB31B2A89C6A30026EEA8 /* Build configuration list for PBXNativeTarget "snsProject" */;
			buildPhases = (
				C3CCB3002A89C6A20026EEA8 /* Sources */,
				C3CCB3012A89C6A20026EEA8 /* Frameworks */,
				C3CCB3022A89C6A20026EEA8 /* Resources */,
			);
			buildRules = (
			);
			dependencies = (
			);
			name = snsProject;
			productName = snsProject;
			productReference = C3CCB3042A89C6A20026EEA8 /* snsProject.app */;
			productType = "com.apple.product-type.application";
		};
/* End PBXNativeTarget section */

/* Begin PBXProject section */
		C3CCB2FC2A89C6A20026EEA8 /* Project object */ = {
			isa = PBXProject;
			attributes = {
				BuildIndependentTargetsInParallel = 1;
				LastSwiftUpdateCheck = 1430;
				LastUpgradeCheck = 1430;
				TargetAttributes = {
					C3CCB3032A89C6A20026EEA8 = {
						CreatedOnToolsVersion = 14.3.1;
					};
				};
			};
			buildConfigurationList = C3CCB2FF2A89C6A20026EEA8 /* Build configuration list for PBXProject "snsProject" */;
			compatibilityVersion = "Xcode 14.0";
			developmentRegion = en;
			hasScannedForEncodings = 0;
			knownRegions = (
				en,
				Base,
			);
			mainGroup = C3CCB2FB2A89C6A20026EEA8;
			productRefGroup = C3CCB3052A89C6A20026EEA8 /* Products */;
			projectDirPath = "";
			projectRoot = "";
			targets = (
				C3CCB3032A89C6A20026EEA8 /* snsProject */,
			);
		};
/* End PBXProject section */

/* Begin PBXResourcesBuildPhase section */
		C3CCB3022A89C6A20026EEA8 /* Resources */ = {
			isa = PBXResourcesBuildPhase;
			buildActionMask = 2147483647;
			files = (
				C3CCB3172A89C6A30026EEA8 /* LaunchScreen.storyboard in Resources */,
				C3CBD81D2A8A08A40020A3DE /* Reels.storyboard in Resources */,
				C3CCB3302A8A02980026EEA8 /* MyPage.storyboard in Resources */,
				C3CCB3322A8A02A10026EEA8 /* Feed.storyboard in Resources */,
				C3CCB3142A89C6A30026EEA8 /* Assets.xcassets in Resources */,
				C3CCB30F2A89C6A20026EEA8 /* Main.storyboard in Resources */,
				FB718FE12A8BA5EC00B851D3 /* MyPageCollectionViewCell.xib in Resources */,
				C3CBD8242A8A09F00020A3DE /* Search.storyboard in Resources */,
				C3CCB32A2A89FBA80026EEA8 /* CreatePage.storyboard in Resources */,
			);
			runOnlyForDeploymentPostprocessing = 0;
		};
/* End PBXResourcesBuildPhase section */

/* Begin PBXSourcesBuildPhase section */
		C3CCB3002A89C6A20026EEA8 /* Sources */ = {
			isa = PBXSourcesBuildPhase;
			buildActionMask = 2147483647;
			files = (
				C3CCB32E2A89FE6E0026EEA8 /* CreatePageViewController.swift in Sources */,
				C3CCB32C2A89FE640026EEA8 /* MyPageViewController.swift in Sources */,
				C3CBD8222A8A09E60020A3DE /* SearchViewController.swift in Sources */,
				C3CCB30C2A89C6A20026EEA8 /* FeedViewController.swift in Sources */,
				C3CCB3082A89C6A20026EEA8 /* AppDelegate.swift in Sources */,
				C3CBD81F2A8A08AF0020A3DE /* ReelsViewController.swift in Sources */,
				C3CCB3122A89C6A20026EEA8 /* snsProject.xcdatamodeld in Sources */,
				FB718FE22A8BA5EC00B851D3 /* MyPageCollectionViewCell.swift in Sources */,
				C3CBD8262A8A0E830020A3DE /* TabBarController.swift in Sources */,
				C3CCB30A2A89C6A20026EEA8 /* SceneDelegate.swift in Sources */,
			);
			runOnlyForDeploymentPostprocessing = 0;
		};
/* End PBXSourcesBuildPhase section */

/* Begin PBXVariantGroup section */
		C3CCB30D2A89C6A20026EEA8 /* Main.storyboard */ = {
			isa = PBXVariantGroup;
			children = (
				C3CCB30E2A89C6A20026EEA8 /* Base */,
			);
			name = Main.storyboard;
			sourceTree = "<group>";
		};
		C3CCB3152A89C6A30026EEA8 /* LaunchScreen.storyboard */ = {
			isa = PBXVariantGroup;
			children = (
				C3CCB3162A89C6A30026EEA8 /* Base */,
			);
			name = LaunchScreen.storyboard;
			sourceTree = "<group>";
		};
/* End PBXVariantGroup section */

/* Begin XCBuildConfiguration section */
		C3CCB3192A89C6A30026EEA8 /* Debug */ = {
			isa = XCBuildConfiguration;
			buildSettings = {
				ALWAYS_SEARCH_USER_PATHS = NO;
				CLANG_ANALYZER_NONNULL = YES;
				CLANG_ANALYZER_NUMBER_OBJECT_CONVERSION = YES_AGGRESSIVE;
				CLANG_CXX_LANGUAGE_STANDARD = "gnu++20";
				CLANG_ENABLE_MODULES = YES;
				CLANG_ENABLE_OBJC_ARC = YES;
				CLANG_ENABLE_OBJC_WEAK = YES;
				CLANG_WARN_BLOCK_CAPTURE_AUTORELEASING = YES;
				CLANG_WARN_BOOL_CONVERSION = YES;
				CLANG_WARN_COMMA = YES;
				CLANG_WARN_CONSTANT_CONVERSION = YES;
				CLANG_WARN_DEPRECATED_OBJC_IMPLEMENTATIONS = YES;
				CLANG_WARN_DIRECT_OBJC_ISA_USAGE = YES_ERROR;
				CLANG_WARN_DOCUMENTATION_COMMENTS = YES;
				CLANG_WARN_EMPTY_BODY = YES;
				CLANG_WARN_ENUM_CONVERSION = YES;
				CLANG_WARN_INFINITE_RECURSION = YES;
				CLANG_WARN_INT_CONVERSION = YES;
				CLANG_WARN_NON_LITERAL_NULL_CONVERSION = YES;
				CLANG_WARN_OBJC_IMPLICIT_RETAIN_SELF = YES;
				CLANG_WARN_OBJC_LITERAL_CONVERSION = YES;
				CLANG_WARN_OBJC_ROOT_CLASS = YES_ERROR;
				CLANG_WARN_QUOTED_INCLUDE_IN_FRAMEWORK_HEADER = YES;
				CLANG_WARN_RANGE_LOOP_ANALYSIS = YES;
				CLANG_WARN_STRICT_PROTOTYPES = YES;
				CLANG_WARN_SUSPICIOUS_MOVE = YES;
				CLANG_WARN_UNGUARDED_AVAILABILITY = YES_AGGRESSIVE;
				CLANG_WARN_UNREACHABLE_CODE = YES;
				CLANG_WARN__DUPLICATE_METHOD_MATCH = YES;
				COPY_PHASE_STRIP = NO;
				DEBUG_INFORMATION_FORMAT = dwarf;
				ENABLE_STRICT_OBJC_MSGSEND = YES;
				ENABLE_TESTABILITY = YES;
				GCC_C_LANGUAGE_STANDARD = gnu11;
				GCC_DYNAMIC_NO_PIC = NO;
				GCC_NO_COMMON_BLOCKS = YES;
				GCC_OPTIMIZATION_LEVEL = 0;
				GCC_PREPROCESSOR_DEFINITIONS = (
					"DEBUG=1",
					"$(inherited)",
				);
				GCC_WARN_64_TO_32_BIT_CONVERSION = YES;
				GCC_WARN_ABOUT_RETURN_TYPE = YES_ERROR;
				GCC_WARN_UNDECLARED_SELECTOR = YES;
				GCC_WARN_UNINITIALIZED_AUTOS = YES_AGGRESSIVE;
				GCC_WARN_UNUSED_FUNCTION = YES;
				GCC_WARN_UNUSED_VARIABLE = YES;
				IPHONEOS_DEPLOYMENT_TARGET = 16.4;
				MTL_ENABLE_DEBUG_INFO = INCLUDE_SOURCE;
				MTL_FAST_MATH = YES;
				ONLY_ACTIVE_ARCH = YES;
				SDKROOT = iphoneos;
				SWIFT_ACTIVE_COMPILATION_CONDITIONS = DEBUG;
				SWIFT_OPTIMIZATION_LEVEL = "-Onone";
			};
			name = Debug;
		};
		C3CCB31A2A89C6A30026EEA8 /* Release */ = {
			isa = XCBuildConfiguration;
			buildSettings = {
				ALWAYS_SEARCH_USER_PATHS = NO;
				CLANG_ANALYZER_NONNULL = YES;
				CLANG_ANALYZER_NUMBER_OBJECT_CONVERSION = YES_AGGRESSIVE;
				CLANG_CXX_LANGUAGE_STANDARD = "gnu++20";
				CLANG_ENABLE_MODULES = YES;
				CLANG_ENABLE_OBJC_ARC = YES;
				CLANG_ENABLE_OBJC_WEAK = YES;
				CLANG_WARN_BLOCK_CAPTURE_AUTORELEASING = YES;
				CLANG_WARN_BOOL_CONVERSION = YES;
				CLANG_WARN_COMMA = YES;
				CLANG_WARN_CONSTANT_CONVERSION = YES;
				CLANG_WARN_DEPRECATED_OBJC_IMPLEMENTATIONS = YES;
				CLANG_WARN_DIRECT_OBJC_ISA_USAGE = YES_ERROR;
				CLANG_WARN_DOCUMENTATION_COMMENTS = YES;
				CLANG_WARN_EMPTY_BODY = YES;
				CLANG_WARN_ENUM_CONVERSION = YES;
				CLANG_WARN_INFINITE_RECURSION = YES;
				CLANG_WARN_INT_CONVERSION = YES;
				CLANG_WARN_NON_LITERAL_NULL_CONVERSION = YES;
				CLANG_WARN_OBJC_IMPLICIT_RETAIN_SELF = YES;
				CLANG_WARN_OBJC_LITERAL_CONVERSION = YES;
				CLANG_WARN_OBJC_ROOT_CLASS = YES_ERROR;
				CLANG_WARN_QUOTED_INCLUDE_IN_FRAMEWORK_HEADER = YES;
				CLANG_WARN_RANGE_LOOP_ANALYSIS = YES;
				CLANG_WARN_STRICT_PROTOTYPES = YES;
				CLANG_WARN_SUSPICIOUS_MOVE = YES;
				CLANG_WARN_UNGUARDED_AVAILABILITY = YES_AGGRESSIVE;
				CLANG_WARN_UNREACHABLE_CODE = YES;
				CLANG_WARN__DUPLICATE_METHOD_MATCH = YES;
				COPY_PHASE_STRIP = NO;
				DEBUG_INFORMATION_FORMAT = "dwarf-with-dsym";
				ENABLE_NS_ASSERTIONS = NO;
				ENABLE_STRICT_OBJC_MSGSEND = YES;
				GCC_C_LANGUAGE_STANDARD = gnu11;
				GCC_NO_COMMON_BLOCKS = YES;
				GCC_WARN_64_TO_32_BIT_CONVERSION = YES;
				GCC_WARN_ABOUT_RETURN_TYPE = YES_ERROR;
				GCC_WARN_UNDECLARED_SELECTOR = YES;
				GCC_WARN_UNINITIALIZED_AUTOS = YES_AGGRESSIVE;
				GCC_WARN_UNUSED_FUNCTION = YES;
				GCC_WARN_UNUSED_VARIABLE = YES;
				IPHONEOS_DEPLOYMENT_TARGET = 16.4;
				MTL_ENABLE_DEBUG_INFO = NO;
				MTL_FAST_MATH = YES;
				SDKROOT = iphoneos;
				SWIFT_COMPILATION_MODE = wholemodule;
				SWIFT_OPTIMIZATION_LEVEL = "-O";
				VALIDATE_PRODUCT = YES;
			};
			name = Release;
		};
		C3CCB31C2A89C6A30026EEA8 /* Debug */ = {
			isa = XCBuildConfiguration;
			buildSettings = {
				ASSETCATALOG_COMPILER_APPICON_NAME = AppIcon;
				ASSETCATALOG_COMPILER_GLOBAL_ACCENT_COLOR_NAME = AccentColor;
				CODE_SIGN_STYLE = Automatic;
				CURRENT_PROJECT_VERSION = 1;
				DEVELOPMENT_TEAM = 6YQ5832X73;
				GENERATE_INFOPLIST_FILE = YES;
				INFOPLIST_FILE = snsProject/Info.plist;
				INFOPLIST_KEY_UIApplicationSupportsIndirectInputEvents = YES;
				INFOPLIST_KEY_UILaunchStoryboardName = LaunchScreen;
				INFOPLIST_KEY_UIMainStoryboardFile = Main;
				INFOPLIST_KEY_UISupportedInterfaceOrientations_iPad = "UIInterfaceOrientationPortrait UIInterfaceOrientationPortraitUpsideDown UIInterfaceOrientationLandscapeLeft UIInterfaceOrientationLandscapeRight";
				INFOPLIST_KEY_UISupportedInterfaceOrientations_iPhone = "UIInterfaceOrientationPortrait UIInterfaceOrientationLandscapeLeft UIInterfaceOrientationLandscapeRight";
				LD_RUNPATH_SEARCH_PATHS = (
					"$(inherited)",
					"@executable_path/Frameworks",
				);
				MARKETING_VERSION = 1.0;
				PRODUCT_BUNDLE_IDENTIFIER = seryeong.snsProject;
				PRODUCT_NAME = "$(TARGET_NAME)";
				SWIFT_EMIT_LOC_STRINGS = YES;
				SWIFT_VERSION = 5.0;
				TARGETED_DEVICE_FAMILY = "1,2";
			};
			name = Debug;
		};
		C3CCB31D2A89C6A30026EEA8 /* Release */ = {
			isa = XCBuildConfiguration;
			buildSettings = {
				ASSETCATALOG_COMPILER_APPICON_NAME = AppIcon;
				ASSETCATALOG_COMPILER_GLOBAL_ACCENT_COLOR_NAME = AccentColor;
				CODE_SIGN_STYLE = Automatic;
				CURRENT_PROJECT_VERSION = 1;
				DEVELOPMENT_TEAM = 6YQ5832X73;
				GENERATE_INFOPLIST_FILE = YES;
				INFOPLIST_FILE = snsProject/Info.plist;
				INFOPLIST_KEY_UIApplicationSupportsIndirectInputEvents = YES;
				INFOPLIST_KEY_UILaunchStoryboardName = LaunchScreen;
				INFOPLIST_KEY_UIMainStoryboardFile = Main;
				INFOPLIST_KEY_UISupportedInterfaceOrientations_iPad = "UIInterfaceOrientationPortrait UIInterfaceOrientationPortraitUpsideDown UIInterfaceOrientationLandscapeLeft UIInterfaceOrientationLandscapeRight";
				INFOPLIST_KEY_UISupportedInterfaceOrientations_iPhone = "UIInterfaceOrientationPortrait UIInterfaceOrientationLandscapeLeft UIInterfaceOrientationLandscapeRight";
				LD_RUNPATH_SEARCH_PATHS = (
					"$(inherited)",
					"@executable_path/Frameworks",
				);
				MARKETING_VERSION = 1.0;
				PRODUCT_BUNDLE_IDENTIFIER = seryeong.snsProject;
				PRODUCT_NAME = "$(TARGET_NAME)";
				SWIFT_EMIT_LOC_STRINGS = YES;
				SWIFT_VERSION = 5.0;
				TARGETED_DEVICE_FAMILY = "1,2";
			};
			name = Release;
		};
/* End XCBuildConfiguration section */

/* Begin XCConfigurationList section */
		C3CCB2FF2A89C6A20026EEA8 /* Build configuration list for PBXProject "snsProject" */ = {
			isa = XCConfigurationList;
			buildConfigurations = (
				C3CCB3192A89C6A30026EEA8 /* Debug */,
				C3CCB31A2A89C6A30026EEA8 /* Release */,
			);
			defaultConfigurationIsVisible = 0;
			defaultConfigurationName = Release;
		};
		C3CCB31B2A89C6A30026EEA8 /* Build configuration list for PBXNativeTarget "snsProject" */ = {
			isa = XCConfigurationList;
			buildConfigurations = (
				C3CCB31C2A89C6A30026EEA8 /* Debug */,
				C3CCB31D2A89C6A30026EEA8 /* Release */,
			);
			defaultConfigurationIsVisible = 0;
			defaultConfigurationName = Release;
		};
/* End XCConfigurationList section */

/* Begin XCVersionGroup section */
		C3CCB3102A89C6A20026EEA8 /* snsProject.xcdatamodeld */ = {
			isa = XCVersionGroup;
			children = (
				C3CCB3112A89C6A20026EEA8 /* snsProject.xcdatamodel */,
			);
			currentVersion = C3CCB3112A89C6A20026EEA8 /* snsProject.xcdatamodel */;
			path = snsProject.xcdatamodeld;
			sourceTree = "<group>";
			versionGroupType = wrapper.xcdatamodel;
		};
/* End XCVersionGroup section */
	};
	rootObject = C3CCB2FC2A89C6A20026EEA8 /* Project object */;
}
